
Microsoft Visual Studio Solution File, Format Version 12.00
# Visual Studio Version 17
VisualStudioVersion = 17.9.34728.123
MinimumVisualStudioVersion = 10.0.40219.1
Project("{9A19103F-16F7-4668-BE54-9A1E7A4F7556}") = "Simple.DI", "Simple.DI.csproj", "{50E07480-AA66-4CA4-8B51-54D8E1E5B25F}"
EndProject
Project("{9A19103F-16F7-4668-BE54-9A1E7A4F7556}") = "Simple.DI.Generator", "..\Simple.DI.Generator\Simple.DI.Generator.csproj", "{2739A7B6-0D2B-41C0-8E8A-5856FC7544E8}"
EndProject
Project("{9A19103F-16F7-4668-BE54-9A1E7A4F7556}") = "Simple.DI.Tests", "..\Simple.DI.Tests\Simple.DI.Tests.csproj", "{0C2B7A60-F8B2-48DC-82EE-5F64FCE4C241}"
EndProject
Project("{9A19103F-16F7-4668-BE54-9A1E7A4F7556}") = "Simple.DI.Tests.Contracts", "..\Simple.DI.Tests.Contracts\Simple.DI.Tests.Contracts.csproj", "{1CDFB381-FA7A-49FC-AA3F-27A9A56A7ED1}"
EndProject
Global
	GlobalSection(SolutionConfigurationPlatforms) = preSolution
		Debug|Any CPU = Debug|Any CPU
		Release|Any CPU = Release|Any CPU
	EndGlobalSection
	GlobalSection(ProjectConfigurationPlatforms) = postSolution
		{50E07480-AA66-4CA4-8B51-54D8E1E5B25F}.Debug|Any CPU.ActiveCfg = Debug|Any CPU
		{50E07480-AA66-4CA4-8B51-54D8E1E5B25F}.Debug|Any CPU.Build.0 = Debug|Any CPU
		{50E07480-AA66-4CA4-8B51-54D8E1E5B25F}.Release|Any CPU.ActiveCfg = Release|Any CPU
		{50E07480-AA66-4CA4-8B51-54D8E1E5B25F}.Release|Any CPU.Build.0 = Release|Any CPU
		{2739A7B6-0D2B-41C0-8E8A-5856FC7544E8}.Debug|Any CPU.ActiveCfg = Debug|Any CPU
		{2739A7B6-0D2B-41C0-8E8A-5856FC7544E8}.Debug|Any CPU.Build.0 = Debug|Any CPU
		{2739A7B6-0D2B-41C0-8E8A-5856FC7544E8}.Release|Any CPU.ActiveCfg = Release|Any CPU
		{2739A7B6-0D2B-41C0-8E8A-5856FC7544E8}.Release|Any CPU.Build.0 = Release|Any CPU
		{0C2B7A60-F8B2-48DC-82EE-5F64FCE4C241}.Debug|Any CPU.ActiveCfg = Debug|Any CPU
		{0C2B7A60-F8B2-48DC-82EE-5F64FCE4C241}.Debug|Any CPU.Build.0 = Debug|Any CPU
		{0C2B7A60-F8B2-48DC-82EE-5F64FCE4C241}.Release|Any CPU.ActiveCfg = Release|Any CPU
		{0C2B7A60-F8B2-48DC-82EE-5F64FCE4C241}.Release|Any CPU.Build.0 = Release|Any CPU
		{1CDFB381-FA7A-49FC-AA3F-27A9A56A7ED1}.Debug|Any CPU.ActiveCfg = Debug|Any CPU
		{1CDFB381-FA7A-49FC-AA3F-27A9A56A7ED1}.Debug|Any CPU.Build.0 = Debug|Any CPU
		{1CDFB381-FA7A-49FC-AA3F-27A9A56A7ED1}.Release|Any CPU.ActiveCfg = Release|Any CPU
		{1CDFB381-FA7A-49FC-AA3F-27A9A56A7ED1}.Release|Any CPU.Build.0 = Release|Any CPU
	EndGlobalSection
	GlobalSection(SolutionProperties) = preSolution
		HideSolutionNode = FALSE
	EndGlobalSection
	GlobalSection(ExtensibilityGlobals) = postSolution
		SolutionGuid = {4C2A25AA-DBFF-4045-AED1-62D94F7F80D5}
	EndGlobalSection
EndGlobal
